
Microsoft Visual Studio Solution File, Format Version 12.00
# Visual Studio Version 16
VisualStudioVersion = 16.0.30717.126
MinimumVisualStudioVersion = 10.0.40219.1
Project("{8BC9CEB8-8B4A-11D0-8D11-00A0C91BC942}") = "CRC32_SOFTWARE_SECURITY", "CRC32_SOFTWARE_SECURITY.vcxproj", "{D614CD1E-E6B1-403E-A93F-53A302160F7D}"
EndProject
Global
	GlobalSection(SolutionConfigurationPlatforms) = preSolution
		Debug|x64 = Debug|x64
		Debug|x86 = Debug|x86
		Release|x64 = Release|x64
		Release|x86 = Release|x86
	EndGlobalSection
	GlobalSection(ProjectConfigurationPlatforms) = postSolution
		{D614CD1E-E6B1-403E-A93F-53A302160F7D}.Debug|x64.ActiveCfg = Debug|x64
		{D614CD1E-E6B1-403E-A93F-53A302160F7D}.Debug|x64.Build.0 = Debug|x64
		{D614CD1E-E6B1-403E-A93F-53A302160F7D}.Debug|x86.ActiveCfg = Debug|Win32
		{D614CD1E-E6B1-403E-A93F-53A302160F7D}.Debug|x86.Build.0 = Debug|Win32
		{D614CD1E-E6B1-403E-A93F-53A302160F7D}.Release|x64.ActiveCfg = Release|x64
		{D614CD1E-E6B1-403E-A93F-53A302160F7D}.Release|x64.Build.0 = Release|x64
		{D614CD1E-E6B1-403E-A93F-53A302160F7D}.Release|x86.ActiveCfg = Release|Win32
		{D614CD1E-E6B1-403E-A93F-53A302160F7D}.Release|x86.Build.0 = Release|Win32
	EndGlobalSection
	GlobalSection(SolutionProperties) = preSolution
		HideSolutionNode = FALSE
	EndGlobalSection
	GlobalSection(ExtensibilityGlobals) = postSolution
		SolutionGuid = {B27DEF16-E500-41EA-AD47-0BEA2A681963}
	EndGlobalSection
EndGlobal
